
Microsoft Visual Studio Solution File, Format Version 12.00
# Visual Studio 15
VisualStudioVersion = 15.0.27703.2026
MinimumVisualStudioVersion = 10.0.40219.1
Project("{FAE04EC0-301F-11D3-BF4B-00C04F79EFBC}") = "University.Data", "University.Data\University.Data.csproj", "{7216CCD4-F028-46B9-B07D-3A8D52269096}"
EndProject
Project("{FAE04EC0-301F-11D3-BF4B-00C04F79EFBC}") = "University.Services", "University.Services\University.Services.csproj", "{9BF7BF2B-3686-4456-83BA-3C3F8643D2DC}"
EndProject
Project("{FAE04EC0-301F-11D3-BF4B-00C04F79EFBC}") = "University", "University\University.csproj", "{22FA1689-43C4-48CC-9BBC-3252618484E8}"
EndProject
Project("{FAE04EC0-301F-11D3-BF4B-00C04F79EFBC}") = "Courses.Service", "Courses.Service\Courses.Service.csproj", "{5825BCE5-E6B2-48E4-9C82-B26BB82D239B}"
EndProject
Project("{E24C65DC-7377-472B-9ABA-BC803B73C61A}") = "Public_NAA", "Public_NAA\", "{A5F73E5B-7840-477E-AD38-340C601D3F80}"
	ProjectSection(WebsiteProperties) = preProject
		TargetFrameworkMoniker = ".NETFramework,Version%3Dv4.6.1"
		Debug.AspNetCompiler.VirtualPath = "/localhost_65506"
		Debug.AspNetCompiler.PhysicalPath = "Public_NAA\"
		Debug.AspNetCompiler.TargetPath = "PrecompiledWeb\localhost_65506\"
		Debug.AspNetCompiler.Updateable = "true"
		Debug.AspNetCompiler.ForceOverwrite = "true"
		Debug.AspNetCompiler.FixedNames = "false"
		Debug.AspNetCompiler.Debug = "True"
		Release.AspNetCompiler.VirtualPath = "/localhost_65506"
		Release.AspNetCompiler.PhysicalPath = "Public_NAA\"
		Release.AspNetCompiler.TargetPath = "PrecompiledWeb\localhost_65506\"
		Release.AspNetCompiler.Updateable = "true"
		Release.AspNetCompiler.ForceOverwrite = "true"
		Release.AspNetCompiler.FixedNames = "false"
		Release.AspNetCompiler.Debug = "False"
		VWDPort = "65506"
		SlnRelativePath = "Public_NAA\"
		DefaultWebSiteLanguage = "Visual C#"
	EndProjectSection
EndProject
Global
	GlobalSection(SolutionConfigurationPlatforms) = preSolution
		Debug|Any CPU = Debug|Any CPU
		Release|Any CPU = Release|Any CPU
	EndGlobalSection
	GlobalSection(ProjectConfigurationPlatforms) = postSolution
		{7216CCD4-F028-46B9-B07D-3A8D52269096}.Debug|Any CPU.ActiveCfg = Debug|Any CPU
		{7216CCD4-F028-46B9-B07D-3A8D52269096}.Debug|Any CPU.Build.0 = Debug|Any CPU
		{7216CCD4-F028-46B9-B07D-3A8D52269096}.Release|Any CPU.ActiveCfg = Release|Any CPU
		{7216CCD4-F028-46B9-B07D-3A8D52269096}.Release|Any CPU.Build.0 = Release|Any CPU
		{9BF7BF2B-3686-4456-83BA-3C3F8643D2DC}.Debug|Any CPU.ActiveCfg = Debug|Any CPU
		{9BF7BF2B-3686-4456-83BA-3C3F8643D2DC}.Debug|Any CPU.Build.0 = Debug|Any CPU
		{9BF7BF2B-3686-4456-83BA-3C3F8643D2DC}.Release|Any CPU.ActiveCfg = Release|Any CPU
		{9BF7BF2B-3686-4456-83BA-3C3F8643D2DC}.Release|Any CPU.Build.0 = Release|Any CPU
		{22FA1689-43C4-48CC-9BBC-3252618484E8}.Debug|Any CPU.ActiveCfg = Debug|Any CPU
		{22FA1689-43C4-48CC-9BBC-3252618484E8}.Debug|Any CPU.Build.0 = Debug|Any CPU
		{22FA1689-43C4-48CC-9BBC-3252618484E8}.Release|Any CPU.ActiveCfg = Release|Any CPU
		{22FA1689-43C4-48CC-9BBC-3252618484E8}.Release|Any CPU.Build.0 = Release|Any CPU
		{5825BCE5-E6B2-48E4-9C82-B26BB82D239B}.Debug|Any CPU.ActiveCfg = Debug|Any CPU
		{5825BCE5-E6B2-48E4-9C82-B26BB82D239B}.Debug|Any CPU.Build.0 = Debug|Any CPU
		{5825BCE5-E6B2-48E4-9C82-B26BB82D239B}.Release|Any CPU.ActiveCfg = Release|Any CPU
		{5825BCE5-E6B2-48E4-9C82-B26BB82D239B}.Release|Any CPU.Build.0 = Release|Any CPU
		{A5F73E5B-7840-477E-AD38-340C601D3F80}.Debug|Any CPU.ActiveCfg = Debug|Any CPU
		{A5F73E5B-7840-477E-AD38-340C601D3F80}.Debug|Any CPU.Build.0 = Debug|Any CPU
		{A5F73E5B-7840-477E-AD38-340C601D3F80}.Release|Any CPU.ActiveCfg = Debug|Any CPU
		{A5F73E5B-7840-477E-AD38-340C601D3F80}.Release|Any CPU.Build.0 = Debug|Any CPU
	EndGlobalSection
	GlobalSection(SolutionProperties) = preSolution
		HideSolutionNode = FALSE
	EndGlobalSection
	GlobalSection(ExtensibilityGlobals) = postSolution
		SolutionGuid = {0B14C582-B60A-4942-A19E-0EBC0628DA27}
	EndGlobalSection
EndGlobal
